# This file is autogenerated, do not edit; changes may be undone by the next 'dep ensure'.


[[projects]]
  branch = "master"
  name = "github.com/howeyc/gopass"
  packages = ["."]
  revision = "bf9dde6d0d2c004a008c27aaee91170c786f6db8"

[[projects]]
  name = "github.com/theckman/humanize-go"
  packages = ["."]
  revision = "e0a0f1e1d55012b4a4217e6246ae6c48d620862f"
  version = "v0.0.2"

[[projects]]
  branch = "master"
  name = "golang.org/x/crypto"
  packages = ["ssh/terminal"]
  revision = "49796115aa4b964c318aad4f3084fdb41e9aa067"

[[projects]]
  branch = "master"
  name = "golang.org/x/sys"
  packages = [
    "unix",
    "windows"
  ]
  revision = "88d2dcc510266da9f7f8c7f34e1940716cab5f5c"

[solve-meta]
  analyzer-name = "dep"
  analyzer-version = 1
  inputs-digest = "63b2ceac2615346aff5fbc938abefeba73790dc189ea59cba2570747e0b11c9b"
  solver-name = "gps-cdcl"
  solver-version = 1
